{
    "_readme": [
        "This file locks the dependencies of your project to a known state",
        "Read more about it at https://getcomposer.org/doc/01-basic-usage.md#installing-dependencies",
        "This file is @generated automatically"
    ],
    "content-hash": "17f996967866f8e4431c190952dc5460",
    "packages": [
        {
            "name": "yajra/laravel-pdo-via-oci8",
            "version": "v3.0.0",
            "source": {
                "type": "git",
                "url": "https://github.com/yajra/pdo-via-oci8.git",
                "reference": "d9ece35f62fe059c7637b778c1bdc8894dedeecb"
            },
            "dist": {
                "type": "zip",
                "url": "https://api.github.com/repos/yajra/pdo-via-oci8/zipball/d9ece35f62fe059c7637b778c1bdc8894dedeecb",
                "reference": "d9ece35f62fe059c7637b778c1bdc8894dedeecb",
                "shasum": ""
            },
            "require": {
                "ext-pdo": "*",
                "php": "^8.0"
            },
            "require-dev": {
                "phpunit/phpunit": "^8.4|^9.0"
            },
            "type": "library",
            "extra": {
                "branch-alias": {
                    "dev-master": "3.x-dev"
                }
            },
            "autoload": {
                "psr-4": {
                    "Yajra\\": "src/"
                }
            },
            "notification-url": "https://packagist.org/downloads/",
            "license": [
                "MIT"
            ],
            "authors": [
                {
                    "name": "Arjay Angeles",
                    "email": "aqangeles@gmail.com"
                }
            ],
            "description": "PDO userspace driver proxying calls to PHP OCI8 driver",
            "support": {
                "issues": "https://github.com/yajra/pdo-via-oci8/issues",
                "source": "https://github.com/yajra/pdo-via-oci8/tree/v3.0.0"
            },
            "time": "2020-12-08T12:30:53+00:00"
        }
    ],
    "packages-dev": [],
    "aliases": [],
    "minimum-stability": "stable",
    "stability-flags": [],
    "prefer-stable": false,
    "prefer-lowest": false,
    "platform": {
        "php": "^8.0"
    },
    "platform-dev": [],
    "plugin-api-version": "2.0.0"
}
